// !$*UTF8*$!
{
	archiveVersion = 1;
	classes = {
	};
	objectVersion = 55;
	objects = {

/* Begin PBXBuildFile section */
		D9ABDFFB2803519200DA990D /* LoggerExampleApp.swift in Sources */ = {isa = PBXBuildFile; fileRef = D9ABDFEB2803519000DA990D /* LoggerExampleApp.swift */; };
		D9ABDFFC2803519200DA990D /* LoggerExampleApp.swift in Sources */ = {isa = PBXBuildFile; fileRef = D9ABDFEB2803519000DA990D /* LoggerExampleApp.swift */; };
		D9ABDFFD2803519200DA990D /* ContentView.swift in Sources */ = {isa = PBXBuildFile; fileRef = D9ABDFEC2803519000DA990D /* ContentView.swift */; };
		D9ABDFFE2803519200DA990D /* ContentView.swift in Sources */ = {isa = PBXBuildFile; fileRef = D9ABDFEC2803519000DA990D /* ContentView.swift */; };
		D9ABDFFF2803519200DA990D /* Assets.xcassets in Resources */ = {isa = PBXBuildFile; fileRef = D9ABDFED2803519200DA990D /* Assets.xcassets */; };
		D9ABE0002803519200DA990D /* Assets.xcassets in Resources */ = {isa = PBXBuildFile; fileRef = D9ABDFED2803519200DA990D /* Assets.xcassets */; };
		D9ABE0112803541800DA990D /* Logger in Frameworks */ = {isa = PBXBuildFile; productRef = D9ABE0102803541800DA990D /* Logger */; };
		D9ABE0132803542000DA990D /* Logger in Frameworks */ = {isa = PBXBuildFile; productRef = D9ABE0122803542000DA990D /* Logger */; };
/* End PBXBuildFile section */

/* Begin PBXFileReference section */
		D9ABDFEB2803519000DA990D /* LoggerExampleApp.swift */ = {isa = PBXFileReference; lastKnownFileType = sourcecode.swift; path = LoggerExampleApp.swift; sourceTree = "<group>"; };
		D9ABDFEC2803519000DA990D /* ContentView.swift */ = {isa = PBXFileReference; lastKnownFileType = sourcecode.swift; path = ContentView.swift; sourceTree = "<group>"; };
		D9ABDFED2803519200DA990D /* Assets.xcassets */ = {isa = PBXFileReference; lastKnownFileType = folder.assetcatalog; path = Assets.xcassets; sourceTree = "<group>"; };
		D9ABDFF22803519200DA990D /* ExampleApp.app */ = {isa = PBXFileReference; explicitFileType = wrapper.application; includeInIndex = 0; path = ExampleApp.app; sourceTree = BUILT_PRODUCTS_DIR; };
		D9ABDFF82803519200DA990D /* ExampleApp.app */ = {isa = PBXFileReference; explicitFileType = wrapper.application; includeInIndex = 0; path = ExampleApp.app; sourceTree = BUILT_PRODUCTS_DIR; };
		D9ABDFFA2803519200DA990D /* macOS.entitlements */ = {isa = PBXFileReference; lastKnownFileType = text.plist.entitlements; path = macOS.entitlements; sourceTree = "<group>"; };
		D9ABE00A280351B900DA990D /* SwiftLogger */ = {isa = PBXFileReference; lastKnownFileType = wrapper; name = SwiftLogger; path = ..; sourceTree = "<group>"; };
/* End PBXFileReference section */

/* Begin PBXFrameworksBuildPhase section */
		D9ABDFEF2803519200DA990D /* Frameworks */ = {
			isa = PBXFrameworksBuildPhase;
			buildActionMask = 2147483647;
			files = (
				D9ABE0112803541800DA990D /* Logger in Frameworks */,
			);
			runOnlyForDeploymentPostprocessing = 0;
		};
		D9ABDFF52803519200DA990D /* Frameworks */ = {
			isa = PBXFrameworksBuildPhase;
			buildActionMask = 2147483647;
			files = (
				D9ABE0132803542000DA990D /* Logger in Frameworks */,
			);
			runOnlyForDeploymentPostprocessing = 0;
		};
/* End PBXFrameworksBuildPhase section */

/* Begin PBXGroup section */
		D9ABDFE52803519000DA990D = {
			isa = PBXGroup;
			children = (
				D9ABDFEA2803519000DA990D /* Shared */,
				D9ABDFF92803519200DA990D /* macOS */,
				D9ABE009280351B900DA990D /* Packages */,
				D9ABDFF32803519200DA990D /* Products */,
				D9ABE00B280351D100DA990D /* Frameworks */,
			);
			sourceTree = "<group>";
		};
		D9ABDFEA2803519000DA990D /* Shared */ = {
			isa = PBXGroup;
			children = (
				D9ABDFEB2803519000DA990D /* LoggerExampleApp.swift */,
				D9ABDFEC2803519000DA990D /* ContentView.swift */,
				D9ABDFED2803519200DA990D /* Assets.xcassets */,
			);
			path = Shared;
			sourceTree = "<group>";
		};
		D9ABDFF32803519200DA990D /* Products */ = {
			isa = PBXGroup;
			children = (
				D9ABDFF22803519200DA990D /* ExampleApp.app */,
				D9ABDFF82803519200DA990D /* ExampleApp.app */,
			);
			name = Products;
			sourceTree = "<group>";
		};
		D9ABDFF92803519200DA990D /* macOS */ = {
			isa = PBXGroup;
			children = (
				D9ABDFFA2803519200DA990D /* macOS.entitlements */,
			);
			path = macOS;
			sourceTree = "<group>";
		};
		D9ABE009280351B900DA990D /* Packages */ = {
			isa = PBXGroup;
			children = (
				D9ABE00A280351B900DA990D /* SwiftLogger */,
			);
			name = Packages;
			sourceTree = "<group>";
		};
		D9ABE00B280351D100DA990D /* Frameworks */ = {
			isa = PBXGroup;
			children = (
			);
			name = Frameworks;
			sourceTree = "<group>";
		};
/* End PBXGroup section */

/* Begin PBXNativeTarget section */
		D9ABDFF12803519200DA990D /* ExampleApp (iOS) */ = {
			isa = PBXNativeTarget;
			buildConfigurationList = D9ABE0032803519200DA990D /* Build configuration list for PBXNativeTarget "ExampleApp (iOS)" */;
			buildPhases = (
				D9ABDFEE2803519200DA990D /* Sources */,
				D9ABDFEF2803519200DA990D /* Frameworks */,
				D9ABDFF02803519200DA990D /* Resources */,
			);
			buildRules = (
			);
			dependencies = (
			);
			name = "ExampleApp (iOS)";
			packageProductDependencies = (
				D9ABE0102803541800DA990D /* Logger */,
			);
			productName = "SwiftLoggerExampleApp (iOS)";
			productReference = D9ABDFF22803519200DA990D /* ExampleApp.app */;
			productType = "com.apple.product-type.application";
		};
		D9ABDFF72803519200DA990D /* ExampleApp (macOS) */ = {
			isa = PBXNativeTarget;
			buildConfigurationList = D9ABE0062803519200DA990D /* Build configuration list for PBXNativeTarget "ExampleApp (macOS)" */;
			buildPhases = (
				D9ABDFF42803519200DA990D /* Sources */,
				D9ABDFF52803519200DA990D /* Frameworks */,
				D9ABDFF62803519200DA990D /* Resources */,
			);
			buildRules = (
			);
			dependencies = (
			);
			name = "ExampleApp (macOS)";
			packageProductDependencies = (
				D9ABE0122803542000DA990D /* Logger */,
			);
			productName = "SwiftLoggerExampleApp (macOS)";
			productReference = D9ABDFF82803519200DA990D /* ExampleApp.app */;
			productType = "com.apple.product-type.application";
		};
/* End PBXNativeTarget section */

/* Begin PBXProject section */
		D9ABDFE62803519000DA990D /* Project object */ = {
			isa = PBXProject;
			attributes = {
				BuildIndependentTargetsInParallel = 1;
				LastSwiftUpdateCheck = 1330;
				LastUpgradeCheck = 1330;
				TargetAttributes = {
					D9ABDFF12803519200DA990D = {
						CreatedOnToolsVersion = 13.3;
					};
					D9ABDFF72803519200DA990D = {
						CreatedOnToolsVersion = 13.3;
					};
				};
			};
			buildConfigurationList = D9ABDFE92803519000DA990D /* Build configuration list for PBXProject "ExampleApp" */;
			compatibilityVersion = "Xcode 13.0";
			developmentRegion = en;
			hasScannedForEncodings = 0;
			knownRegions = (
				en,
				Base,
			);
			mainGroup = D9ABDFE52803519000DA990D;
			productRefGroup = D9ABDFF32803519200DA990D /* Products */;
			projectDirPath = "";
			projectRoot = "";
			targets = (
				D9ABDFF12803519200DA990D /* ExampleApp (iOS) */,
				D9ABDFF72803519200DA990D /* ExampleApp (macOS) */,
			);
		};
/* End PBXProject section */

/* Begin PBXResourcesBuildPhase section */
		D9ABDFF02803519200DA990D /* Resources */ = {
			isa = PBXResourcesBuildPhase;
			buildActionMask = 2147483647;
			files = (
				D9ABDFFF2803519200DA990D /* Assets.xcassets in Resources */,
			);
			runOnlyForDeploymentPostprocessing = 0;
		};
		D9ABDFF62803519200DA990D /* Resources */ = {
			isa = PBXResourcesBuildPhase;
			buildActionMask = 2147483647;
			files = (
				D9ABE0002803519200DA990D /* Assets.xcassets in Resources */,
			);
			runOnlyForDeploymentPostprocessing = 0;
		};
/* End PBXResourcesBuildPhase section */

/* Begin PBXSourcesBuildPhase section */
		D9ABDFEE2803519200DA990D /* Sources */ = {
			isa = PBXSourcesBuildPhase;
			buildActionMask = 2147483647;
			files = (
				D9ABDFFD2803519200DA990D /* ContentView.swift in Sources */,
				D9ABDFFB2803519200DA990D /* LoggerExampleApp.swift in Sources */,
			);
			runOnlyForDeploymentPostprocessing = 0;
		};
		D9ABDFF42803519200DA990D /* Sources */ = {
			isa = PBXSourcesBuildPhase;
			buildActionMask = 2147483647;
			files = (
				D9ABDFFE2803519200DA990D /* ContentView.swift in Sources */,
				D9ABDFFC2803519200DA990D /* LoggerExampleApp.swift in Sources */,
			);
			runOnlyForDeploymentPostprocessing = 0;
		};
/* End PBXSourcesBuildPhase section */

/* Begin XCBuildConfiguration section */
		D9ABE0012803519200DA990D /* Debug */ = {
			isa = XCBuildConfiguration;
			buildSettings = {
				ALWAYS_SEARCH_USER_PATHS = NO;
				CLANG_ANALYZER_NONNULL = YES;
				CLANG_ANALYZER_NUMBER_OBJECT_CONVERSION = YES_AGGRESSIVE;
				CLANG_CXX_LANGUAGE_STANDARD = "gnu++17";
				CLANG_ENABLE_MODULES = YES;
				CLANG_ENABLE_OBJC_ARC = YES;
				CLANG_ENABLE_OBJC_WEAK = YES;
				CLANG_WARN_BLOCK_CAPTURE_AUTORELEASING = YES;
				CLANG_WARN_BOOL_CONVERSION = YES;
				CLANG_WARN_COMMA = YES;
				CLANG_WARN_CONSTANT_CONVERSION = YES;
				CLANG_WARN_DEPRECATED_OBJC_IMPLEMENTATIONS = YES;
				CLANG_WARN_DIRECT_OBJC_ISA_USAGE = YES_ERROR;
				CLANG_WARN_DOCUMENTATION_COMMENTS = YES;
				CLANG_WARN_EMPTY_BODY = YES;
				CLANG_WARN_ENUM_CONVERSION = YES;
				CLANG_WARN_INFINITE_RECURSION = YES;
				CLANG_WARN_INT_CONVERSION = YES;
				CLANG_WARN_NON_LITERAL_NULL_CONVERSION = YES;
				CLANG_WARN_OBJC_IMPLICIT_RETAIN_SELF = YES;
				CLANG_WARN_OBJC_LITERAL_CONVERSION = YES;
				CLANG_WARN_OBJC_ROOT_CLASS = YES_ERROR;
				CLANG_WARN_QUOTED_INCLUDE_IN_FRAMEWORK_HEADER = YES;
				CLANG_WARN_RANGE_LOOP_ANALYSIS = YES;
				CLANG_WARN_STRICT_PROTOTYPES = YES;
				CLANG_WARN_SUSPICIOUS_MOVE = YES;
				CLANG_WARN_UNGUARDED_AVAILABILITY = YES_AGGRESSIVE;
				CLANG_WARN_UNREACHABLE_CODE = YES;
				CLANG_WARN__DUPLICATE_METHOD_MATCH = YES;
				COPY_PHASE_STRIP = NO;
				DEBUG_INFORMATION_FORMAT = dwarf;
				ENABLE_STRICT_OBJC_MSGSEND = YES;
				ENABLE_TESTABILITY = YES;
				GCC_C_LANGUAGE_STANDARD = gnu11;
				GCC_DYNAMIC_NO_PIC = NO;
				GCC_NO_COMMON_BLOCKS = YES;
				GCC_OPTIMIZATION_LEVEL = 0;
				GCC_PREPROCESSOR_DEFINITIONS = (
					"DEBUG=1",
					"$(inherited)",
				);
				GCC_WARN_64_TO_32_BIT_CONVERSION = YES;
				GCC_WARN_ABOUT_RETURN_TYPE = YES_ERROR;
				GCC_WARN_UNDECLARED_SELECTOR = YES;
				GCC_WARN_UNINITIALIZED_AUTOS = YES_AGGRESSIVE;
				GCC_WARN_UNUSED_FUNCTION = YES;
				GCC_WARN_UNUSED_VARIABLE = YES;
				MTL_ENABLE_DEBUG_INFO = INCLUDE_SOURCE;
				MTL_FAST_MATH = YES;
				ONLY_ACTIVE_ARCH = YES;
				SWIFT_ACTIVE_COMPILATION_CONDITIONS = DEBUG;
				SWIFT_OPTIMIZATION_LEVEL = "-Onone";
			};
			name = Debug;
		};
		D9ABE0022803519200DA990D /* Release */ = {
			isa = XCBuildConfiguration;
			buildSettings = {
				ALWAYS_SEARCH_USER_PATHS = NO;
				CLANG_ANALYZER_NONNULL = YES;
				CLANG_ANALYZER_NUMBER_OBJECT_CONVERSION = YES_AGGRESSIVE;
				CLANG_CXX_LANGUAGE_STANDARD = "gnu++17";
				CLANG_ENABLE_MODULES = YES;
				CLANG_ENABLE_OBJC_ARC = YES;
				CLANG_ENABLE_OBJC_WEAK = YES;
				CLANG_WARN_BLOCK_CAPTURE_AUTORELEASING = YES;
				CLANG_WARN_BOOL_CONVERSION = YES;
				CLANG_WARN_COMMA = YES;
				CLANG_WARN_CONSTANT_CONVERSION = YES;
				CLANG_WARN_DEPRECATED_OBJC_IMPLEMENTATIONS = YES;
				CLANG_WARN_DIRECT_OBJC_ISA_USAGE = YES_ERROR;
				CLANG_WARN_DOCUMENTATION_COMMENTS = YES;
				CLANG_WARN_EMPTY_BODY = YES;
				CLANG_WARN_ENUM_CONVERSION = YES;
				CLANG_WARN_INFINITE_RECURSION = YES;
				CLANG_WARN_INT_CONVERSION = YES;
				CLANG_WARN_NON_LITERAL_NULL_CONVERSION = YES;
				CLANG_WARN_OBJC_IMPLICIT_RETAIN_SELF = YES;
				CLANG_WARN_OBJC_LITERAL_CONVERSION = YES;
				CLANG_WARN_OBJC_ROOT_CLASS = YES_ERROR;
				CLANG_WARN_QUOTED_INCLUDE_IN_FRAMEWORK_HEADER = YES;
				CLANG_WARN_RANGE_LOOP_ANALYSIS = YES;
				CLANG_WARN_STRICT_PROTOTYPES = YES;
				CLANG_WARN_SUSPICIOUS_MOVE = YES;
				CLANG_WARN_UNGUARDED_AVAILABILITY = YES_AGGRESSIVE;
				CLANG_WARN_UNREACHABLE_CODE = YES;
				CLANG_WARN__DUPLICATE_METHOD_MATCH = YES;
				COPY_PHASE_STRIP = NO;
				DEBUG_INFORMATION_FORMAT = "dwarf-with-dsym";
				ENABLE_NS_ASSERTIONS = NO;
				ENABLE_STRICT_OBJC_MSGSEND = YES;
				GCC_C_LANGUAGE_STANDARD = gnu11;
				GCC_NO_COMMON_BLOCKS = YES;
				GCC_WARN_64_TO_32_BIT_CONVERSION = YES;
				GCC_WARN_ABOUT_RETURN_TYPE = YES_ERROR;
				GCC_WARN_UNDECLARED_SELECTOR = YES;
				GCC_WARN_UNINITIALIZED_AUTOS = YES_AGGRESSIVE;
				GCC_WARN_UNUSED_FUNCTION = YES;
				GCC_WARN_UNUSED_VARIABLE = YES;
				MTL_ENABLE_DEBUG_INFO = NO;
				MTL_FAST_MATH = YES;
				SWIFT_COMPILATION_MODE = wholemodule;
				SWIFT_OPTIMIZATION_LEVEL = "-O";
			};
			name = Release;
		};
		D9ABE0042803519200DA990D /* Debug */ = {
			isa = XCBuildConfiguration;
			buildSettings = {
				ASSETCATALOG_COMPILER_APPICON_NAME = AppIcon;
				ASSETCATALOG_COMPILER_GLOBAL_ACCENT_COLOR_NAME = AccentColor;
				CODE_SIGN_STYLE = Automatic;
				CURRENT_PROJECT_VERSION = 1;
				DEVELOPMENT_TEAM = 74N9HYZTUU;
				ENABLE_PREVIEWS = YES;
				GENERATE_INFOPLIST_FILE = YES;
				INFOPLIST_KEY_UIApplicationSceneManifest_Generation = YES;
				INFOPLIST_KEY_UIApplicationSupportsIndirectInputEvents = YES;
				INFOPLIST_KEY_UILaunchScreen_Generation = YES;
				INFOPLIST_KEY_UISupportedInterfaceOrientations_iPad = "UIInterfaceOrientationPortrait UIInterfaceOrientationPortraitUpsideDown UIInterfaceOrientationLandscapeLeft UIInterfaceOrientationLandscapeRight";
				INFOPLIST_KEY_UISupportedInterfaceOrientations_iPhone = "UIInterfaceOrientationPortrait UIInterfaceOrientationLandscapeLeft UIInterfaceOrientationLandscapeRight";
				IPHONEOS_DEPLOYMENT_TARGET = 15.4;
				LD_RUNPATH_SEARCH_PATHS = (
					"$(inherited)",
					"@executable_path/Frameworks",
				);
				MARKETING_VERSION = 1.0;
				PRODUCT_BUNDLE_IDENTIFIER = com.benmustafa.SwiftLoggerExampleApp;
				PRODUCT_NAME = ExampleApp;
				SDKROOT = iphoneos;
				SWIFT_EMIT_LOC_STRINGS = YES;
				SWIFT_VERSION = 5.0;
				TARGETED_DEVICE_FAMILY = "1,2";
			};
			name = Debug;
		};
		D9ABE0052803519200DA990D /* Release */ = {
			isa = XCBuildConfiguration;
			buildSettings = {
				ASSETCATALOG_COMPILER_APPICON_NAME = AppIcon;
				ASSETCATALOG_COMPILER_GLOBAL_ACCENT_COLOR_NAME = AccentColor;
				CODE_SIGN_STYLE = Automatic;
				CURRENT_PROJECT_VERSION = 1;
				DEVELOPMENT_TEAM = 74N9HYZTUU;
				ENABLE_PREVIEWS = YES;
				GENERATE_INFOPLIST_FILE = YES;
				INFOPLIST_KEY_UIApplicationSceneManifest_Generation = YES;
				INFOPLIST_KEY_UIApplicationSupportsIndirectInputEvents = YES;
				INFOPLIST_KEY_UILaunchScreen_Generation = YES;
				INFOPLIST_KEY_UISupportedInterfaceOrientations_iPad = "UIInterfaceOrientationPortrait UIInterfaceOrientationPortraitUpsideDown UIInterfaceOrientationLandscapeLeft UIInterfaceOrientationLandscapeRight";
				INFOPLIST_KEY_UISupportedInterfaceOrientations_iPhone = "UIInterfaceOrientationPortrait UIInterfaceOrientationLandscapeLeft UIInterfaceOrientationLandscapeRight";
				IPHONEOS_DEPLOYMENT_TARGET = 15.4;
				LD_RUNPATH_SEARCH_PATHS = (
					"$(inherited)",
					"@executable_path/Frameworks",
				);
				MARKETING_VERSION = 1.0;
				PRODUCT_BUNDLE_IDENTIFIER = com.benmustafa.SwiftLoggerExampleApp;
				PRODUCT_NAME = ExampleApp;
				SDKROOT = iphoneos;
				SWIFT_EMIT_LOC_STRINGS = YES;
				SWIFT_VERSION = 5.0;
				TARGETED_DEVICE_FAMILY = "1,2";
				VALIDATE_PRODUCT = YES;
			};
			name = Release;
		};
		D9ABE0072803519200DA990D /* Debug */ = {
			isa = XCBuildConfiguration;
			buildSettings = {
				ASSETCATALOG_COMPILER_APPICON_NAME = AppIcon;
				ASSETCATALOG_COMPILER_GLOBAL_ACCENT_COLOR_NAME = AccentColor;
				CODE_SIGN_ENTITLEMENTS = macOS/macOS.entitlements;
				CODE_SIGN_STYLE = Automatic;
				COMBINE_HIDPI_IMAGES = YES;
				CURRENT_PROJECT_VERSION = 1;
				DEVELOPMENT_TEAM = 74N9HYZTUU;
				ENABLE_HARDENED_RUNTIME = YES;
				ENABLE_PREVIEWS = YES;
				GENERATE_INFOPLIST_FILE = YES;
				INFOPLIST_KEY_NSHumanReadableCopyright = "";
				LD_RUNPATH_SEARCH_PATHS = (
					"$(inherited)",
					"@executable_path/../Frameworks",
				);
				MACOSX_DEPLOYMENT_TARGET = 12.3;
				MARKETING_VERSION = 1.0;
				PRODUCT_BUNDLE_IDENTIFIER = com.benmustafa.SwiftLoggerExampleApp;
				PRODUCT_NAME = ExampleApp;
				SDKROOT = macosx;
				SWIFT_EMIT_LOC_STRINGS = YES;
				SWIFT_VERSION = 5.0;
			};
			name = Debug;
		};
		D9ABE0082803519200DA990D /* Release */ = {
			isa = XCBuildConfiguration;
			buildSettings = {
				ASSETCATALOG_COMPILER_APPICON_NAME = AppIcon;
				ASSETCATALOG_COMPILER_GLOBAL_ACCENT_COLOR_NAME = AccentColor;
				CODE_SIGN_ENTITLEMENTS = macOS/macOS.entitlements;
				CODE_SIGN_STYLE = Automatic;
				COMBINE_HIDPI_IMAGES = YES;
				CURRENT_PROJECT_VERSION = 1;
				DEVELOPMENT_TEAM = 74N9HYZTUU;
				ENABLE_HARDENED_RUNTIME = YES;
				ENABLE_PREVIEWS = YES;
				GENERATE_INFOPLIST_FILE = YES;
				INFOPLIST_KEY_NSHumanReadableCopyright = "";
				LD_RUNPATH_SEARCH_PATHS = (
					"$(inherited)",
					"@executable_path/../Frameworks",
				);
				MACOSX_DEPLOYMENT_TARGET = 12.3;
				MARKETING_VERSION = 1.0;
				PRODUCT_BUNDLE_IDENTIFIER = com.benmustafa.SwiftLoggerExampleApp;
				PRODUCT_NAME = ExampleApp;
				SDKROOT = macosx;
				SWIFT_EMIT_LOC_STRINGS = YES;
				SWIFT_VERSION = 5.0;
			};
			name = Release;
		};
/* End XCBuildConfiguration section */

/* Begin XCConfigurationList section */
		D9ABDFE92803519000DA990D /* Build configuration list for PBXProject "ExampleApp" */ = {
			isa = XCConfigurationList;
			buildConfigurations = (
				D9ABE0012803519200DA990D /* Debug */,
				D9ABE0022803519200DA990D /* Release */,
			);
			defaultConfigurationIsVisible = 0;
			defaultConfigurationName = Release;
		};
		D9ABE0032803519200DA990D /* Build configuration list for PBXNativeTarget "ExampleApp (iOS)" */ = {
			isa = XCConfigurationList;
			buildConfigurations = (
				D9ABE0042803519200DA990D /* Debug */,
				D9ABE0052803519200DA990D /* Release */,
			);
			defaultConfigurationIsVisible = 0;
			defaultConfigurationName = Release;
		};
		D9ABE0062803519200DA990D /* Build configuration list for PBXNativeTarget "ExampleApp (macOS)" */ = {
			isa = XCConfigurationList;
			buildConfigurations = (
				D9ABE0072803519200DA990D /* Debug */,
				D9ABE0082803519200DA990D /* Release */,
			);
			defaultConfigurationIsVisible = 0;
			defaultConfigurationName = Release;
		};
/* End XCConfigurationList section */

/* Begin XCSwiftPackageProductDependency section */
		D9ABE0102803541800DA990D /* Logger */ = {
			isa = XCSwiftPackageProductDependency;
			productName = Logger;
		};
		D9ABE0122803542000DA990D /* Logger */ = {
			isa = XCSwiftPackageProductDependency;
			productName = Logger;
		};
/* End XCSwiftPackageProductDependency section */
	};
	rootObject = D9ABDFE62803519000DA990D /* Project object */;
}
